
Microsoft Visual Studio Solution File, Format Version 12.00
# Visual Studio 15
VisualStudioVersion = 15.0.26730.3
MinimumVisualStudioVersion = 10.0.40219.1
Project("{FAE04EC0-301F-11D3-BF4B-00C04F79EFBC}") = "Admin", "Admin\Admin.csproj", "{40FD9CD5-0DF7-486C-BE08-A69C2BDCC03D}"
EndProject
Global
	GlobalSection(SolutionConfigurationPlatforms) = preSolution
		Debug|Any CPU = Debug|Any CPU
		Release|Any CPU = Release|Any CPU
	EndGlobalSection
	GlobalSection(ProjectConfigurationPlatforms) = postSolution
		{40FD9CD5-0DF7-486C-BE08-A69C2BDCC03D}.Debug|Any CPU.ActiveCfg = Debug|Any CPU
		{40FD9CD5-0DF7-486C-BE08-A69C2BDCC03D}.Debug|Any CPU.Build.0 = Debug|Any CPU
		{40FD9CD5-0DF7-486C-BE08-A69C2BDCC03D}.Release|Any CPU.ActiveCfg = Release|Any CPU
		{40FD9CD5-0DF7-486C-BE08-A69C2BDCC03D}.Release|Any CPU.Build.0 = Release|Any CPU
	EndGlobalSection
	GlobalSection(SolutionProperties) = preSolution
		HideSolutionNode = FALSE
	EndGlobalSection
	GlobalSection(ExtensibilityGlobals) = postSolution
		SolutionGuid = {8E07B69F-F77D-404A-9A86-7D749E74D7AF}
	EndGlobalSection
EndGlobal
